lockfileVersion: '9.0'

settings:
  autoInstallPeers: true
  excludeLinksFromLockfile: false

importers:

  .:
    dependencies:
      '@dietrichgebert/ponytail':
        specifier: ^4.9.0
        version: 4.9.0

packages:

  '@dietrichgebert/ponytail@4.9.0':
    resolution: {integrity: sha512-OSdybtBZ3uDd5m/+zyz4h8/+BVBR9nGFhqTDmQkQb1v7k4Vfc1qql78naY64UjocdBPqR94htZEkKu2wpKTJaw==}

snapshots:

  '@dietrichgebert/ponytail@4.9.0': {}
